
Microsoft Visual Studio Solution File, Format Version 12.00
# Visual Studio 15
Project("{FAE04EC0-301F-11D3-BF4B-00C04F79EFBC}") = "CitiesInfo", "CitiesInfo\CitiesInfo.csproj", "{D1D1D024-9633-4EDA-8B11-192239DD9C4E}"
EndProject
Global
	GlobalSection(SolutionConfigurationPlatforms) = preSolution
		Debug|Any CPU = Debug|Any CPU
		Release|Any CPU = Release|Any CPU
	EndGlobalSection
	GlobalSection(ProjectConfigurationPlatforms) = postSolution
		{D1D1D024-9633-4EDA-8B11-192239DD9C4E}.Debug|Any CPU.ActiveCfg = Debug|Any CPU
		{D1D1D024-9633-4EDA-8B11-192239DD9C4E}.Debug|Any CPU.Build.0 = Debug|Any CPU
		{D1D1D024-9633-4EDA-8B11-192239DD9C4E}.Release|Any CPU.ActiveCfg = Release|Any CPU
		{D1D1D024-9633-4EDA-8B11-192239DD9C4E}.Release|Any CPU.Build.0 = Release|Any CPU
	EndGlobalSection
EndGlobal
